
Microsoft Visual Studio Solution File, Format Version 12.00
# Visual Studio Version 17
VisualStudioVersion = 17.10.35013.160
MinimumVisualStudioVersion = 10.0.40219.1
Project("{FAE04EC0-301F-11D3-BF4B-00C04F79EFBC}") = "ConsumeAPI", "ConsumeAPI\ConsumeAPI.csproj", "{DAD8358D-B526-4DF7-A775-FF9408A252D2}"
EndProject
Global
	GlobalSection(SolutionConfigurationPlatforms) = preSolution
		Debug|Any CPU = Debug|Any CPU
		Release|Any CPU = Release|Any CPU
	EndGlobalSection
	GlobalSection(ProjectConfigurationPlatforms) = postSolution
		{DAD8358D-B526-4DF7-A775-FF9408A252D2}.Debug|Any CPU.ActiveCfg = Debug|Any CPU
		{DAD8358D-B526-4DF7-A775-FF9408A252D2}.Debug|Any CPU.Build.0 = Debug|Any CPU
		{DAD8358D-B526-4DF7-A775-FF9408A252D2}.Release|Any CPU.ActiveCfg = Release|Any CPU
		{DAD8358D-B526-4DF7-A775-FF9408A252D2}.Release|Any CPU.Build.0 = Release|Any CPU
	EndGlobalSection
	GlobalSection(SolutionProperties) = preSolution
		HideSolutionNode = FALSE
	EndGlobalSection
	GlobalSection(ExtensibilityGlobals) = postSolution
		SolutionGuid = {A3C4C7C5-8C49-433F-8BF3-3A6F298050C2}
	EndGlobalSection
EndGlobal
